PODS:
  - Masonry (0.6.3)
  - SDWebImage (4.0.0):
    - SDWebImage/Core (= 4.0.0)
  - SDWebImage/Core (4.0.0)
  - TTTAttributedLabel (1.13.3)

DEPENDENCIES:
  - Masonry
  - SDWebImage (= 4.0.0)
  - TTTAttributedLabel (= 1.13.3)

SPEC CHECKSUMS:
  Masonry: ff105a956abcd19a618b2028b121cb638d7a8e2f
  SDWebImage: 76a6348bdc74eb5a55dd08a091ef298e56b55e41
  TTTAttributedLabel: 6f3174aef8e738f44dff97c2eb7d8184f6ab6277

PODFILE CHECKSUM: f6b9ea2b1b5cb14f23269afb85f28e122da76fb2

COCOAPODS: 1.2.0
